
Microsoft Visual Studio Solution File, Format Version 12.00
# Visual Studio Version 16
VisualStudioVersion = 16.0.30330.147
MinimumVisualStudioVersion = 10.0.40219.1
Project("{FAE04EC0-301F-11D3-BF4B-00C04F79EFBC}") = "WorkerServiceDotNetCore", "WorkerServiceDotNetCore\WorkerServiceDotNetCore.csproj", "{346A9E41-354C-4FD7-9C93-AF59636BDFDE}"
EndProject
Global
	GlobalSection(SolutionConfigurationPlatforms) = preSolution
		Debug|Any CPU = Debug|Any CPU
		Release|Any CPU = Release|Any CPU
	EndGlobalSection
	GlobalSection(ProjectConfigurationPlatforms) = postSolution
		{346A9E41-354C-4FD7-9C93-AF59636BDFDE}.Debug|Any CPU.ActiveCfg = Debug|Any CPU
		{346A9E41-354C-4FD7-9C93-AF59636BDFDE}.Debug|Any CPU.Build.0 = Debug|Any CPU
		{346A9E41-354C-4FD7-9C93-AF59636BDFDE}.Release|Any CPU.ActiveCfg = Release|Any CPU
		{346A9E41-354C-4FD7-9C93-AF59636BDFDE}.Release|Any CPU.Build.0 = Release|Any CPU
	EndGlobalSection
	GlobalSection(SolutionProperties) = preSolution
		HideSolutionNode = FALSE
	EndGlobalSection
	GlobalSection(ExtensibilityGlobals) = postSolution
		SolutionGuid = {C35CC0B0-8F3D-4EFF-B9D6-3893877A5B39}
	EndGlobalSection
EndGlobal
